
Microsoft Visual Studio Solution File, Format Version 12.00
# Visual Studio Version 16
VisualStudioVersion = 16.0.31005.135
MinimumVisualStudioVersion = 10.0.40219.1
Project("{9A19103F-16F7-4668-BE54-9A1E7A4F7556}") = "PetSpot.API", "PetSpot.API\PetSpot.API.csproj", "{A24F3E7A-BE0A-4CB2-A8A4-928507183EB6}"
EndProject
Project("{9A19103F-16F7-4668-BE54-9A1E7A4F7556}") = "PetSpot.DATA", "PetSpot.DATA\PetSpot.DATA.csproj", "{5B866DCE-AB1D-4E6C-A916-BF310D3D08E7}"
EndProject
Project("{9A19103F-16F7-4668-BE54-9A1E7A4F7556}") = "PetSpot.LOGGING", "PetSpot.LOGGING\PetSpot.LOGGING.csproj", "{A9DBA9FF-963A-4900-A417-FC1BFA7D8B1F}"
EndProject
Global
	GlobalSection(SolutionConfigurationPlatforms) = preSolution
		Debug|Any CPU = Debug|Any CPU
		Release|Any CPU = Release|Any CPU
	EndGlobalSection
	GlobalSection(ProjectConfigurationPlatforms) = postSolution
		{A24F3E7A-BE0A-4CB2-A8A4-928507183EB6}.Debug|Any CPU.ActiveCfg = Debug|Any CPU
		{A24F3E7A-BE0A-4CB2-A8A4-928507183EB6}.Debug|Any CPU.Build.0 = Debug|Any CPU
		{A24F3E7A-BE0A-4CB2-A8A4-928507183EB6}.Release|Any CPU.ActiveCfg = Release|Any CPU
		{A24F3E7A-BE0A-4CB2-A8A4-928507183EB6}.Release|Any CPU.Build.0 = Release|Any CPU
		{5B866DCE-AB1D-4E6C-A916-BF310D3D08E7}.Debug|Any CPU.ActiveCfg = Debug|Any CPU
		{5B866DCE-AB1D-4E6C-A916-BF310D3D08E7}.Debug|Any CPU.Build.0 = Debug|Any CPU
		{5B866DCE-AB1D-4E6C-A916-BF310D3D08E7}.Release|Any CPU.ActiveCfg = Release|Any CPU
		{5B866DCE-AB1D-4E6C-A916-BF310D3D08E7}.Release|Any CPU.Build.0 = Release|Any CPU
		{A9DBA9FF-963A-4900-A417-FC1BFA7D8B1F}.Debug|Any CPU.ActiveCfg = Debug|Any CPU
		{A9DBA9FF-963A-4900-A417-FC1BFA7D8B1F}.Debug|Any CPU.Build.0 = Debug|Any CPU
		{A9DBA9FF-963A-4900-A417-FC1BFA7D8B1F}.Release|Any CPU.ActiveCfg = Release|Any CPU
		{A9DBA9FF-963A-4900-A417-FC1BFA7D8B1F}.Release|Any CPU.Build.0 = Release|Any CPU
	EndGlobalSection
	GlobalSection(SolutionProperties) = preSolution
		HideSolutionNode = FALSE
	EndGlobalSection
	GlobalSection(ExtensibilityGlobals) = postSolution
		SolutionGuid = {C5D73C5E-7D70-4C3C-A9CB-E81C2299BAD4}
	EndGlobalSection
EndGlobal
